// !$*UTF8*$!
{
	archiveVersion = 1;
	classes = {
	};
	objectVersion = 55;
	objects = {

/* Begin PBXBuildFile section */
		8865A9AB2772A59B00716AB8 /* BaseViewContoller.swift in Sources */ = {isa = PBXBuildFile; fileRef = 8865A9AA2772A59B00716AB8 /* BaseViewContoller.swift */; };
		8865A9AD2772A75D00716AB8 /* NasaViewController.swift in Sources */ = {isa = PBXBuildFile; fileRef = 8865A9AC2772A75D00716AB8 /* NasaViewController.swift */; };
		8865A9B02772A91F00716AB8 /* SignViewController.swift in Sources */ = {isa = PBXBuildFile; fileRef = 8865A9AF2772A91F00716AB8 /* SignViewController.swift */; };
		8865A9B32772A99800716AB8 /* SignView.swift in Sources */ = {isa = PBXBuildFile; fileRef = 8865A9B22772A99800716AB8 /* SignView.swift */; };
		8865A9B52772C6E800716AB8 /* SignViewModel.swift in Sources */ = {isa = PBXBuildFile; fileRef = 8865A9B42772C6E800716AB8 /* SignViewModel.swift */; };
		88A7902227715402001DB38D /* AppDelegate.swift in Sources */ = {isa = PBXBuildFile; fileRef = 88A7902127715402001DB38D /* AppDelegate.swift */; };
		88A7902427715402001DB38D /* SceneDelegate.swift in Sources */ = {isa = PBXBuildFile; fileRef = 88A7902327715402001DB38D /* SceneDelegate.swift */; };
		88A7902627715402001DB38D /* ViewController.swift in Sources */ = {isa = PBXBuildFile; fileRef = 88A7902527715402001DB38D /* ViewController.swift */; };
		88A7902B27715406001DB38D /* Assets.xcassets in Resources */ = {isa = PBXBuildFile; fileRef = 88A7902A27715406001DB38D /* Assets.xcassets */; };
		88A7902E27715406001DB38D /* LaunchScreen.storyboard in Resources */ = {isa = PBXBuildFile; fileRef = 88A7902C27715406001DB38D /* LaunchScreen.storyboard */; };
		88A79037277155D8001DB38D /* SnapKit in Frameworks */ = {isa = PBXBuildFile; productRef = 88A79036277155D8001DB38D /* SnapKit */; };
		88A7903927715BDA001DB38D /* ApiService.swift in Sources */ = {isa = PBXBuildFile; fileRef = 88A7903827715BDA001DB38D /* ApiService.swift */; };
		88A7903B2771673A001DB38D /* Cast.swift in Sources */ = {isa = PBXBuildFile; fileRef = 88A7903A2771673A001DB38D /* Cast.swift */; };
		88A7903D27717455001DB38D /* UITableviewCell + extension.swift in Sources */ = {isa = PBXBuildFile; fileRef = 88A7903C27717455001DB38D /* UITableviewCell + extension.swift */; };
		88A7903F2771763C001DB38D /* DummyViewController.swift in Sources */ = {isa = PBXBuildFile; fileRef = 88A7903E2771763C001DB38D /* DummyViewController.swift */; };
		88A7904127717726001DB38D /* DummyViewModel.swift in Sources */ = {isa = PBXBuildFile; fileRef = 88A7904027717726001DB38D /* DummyViewModel.swift */; };
		88A79043277178C9001DB38D /* UITableViewCellRepresentable.swift in Sources */ = {isa = PBXBuildFile; fileRef = 88A79042277178C9001DB38D /* UITableViewCellRepresentable.swift */; };
/* End PBXBuildFile section */

/* Begin PBXFileReference section */
		8865A9AA2772A59B00716AB8 /* BaseViewContoller.swift */ = {isa = PBXFileReference; lastKnownFileType = sourcecode.swift; path = BaseViewContoller.swift; sourceTree = "<group>"; };
		8865A9AC2772A75D00716AB8 /* NasaViewController.swift */ = {isa = PBXFileReference; lastKnownFileType = sourcecode.swift; path = NasaViewController.swift; sourceTree = "<group>"; };
		8865A9AF2772A91F00716AB8 /* SignViewController.swift */ = {isa = PBXFileReference; lastKnownFileType = sourcecode.swift; path = SignViewController.swift; sourceTree = "<group>"; };
		8865A9B22772A99800716AB8 /* SignView.swift */ = {isa = PBXFileReference; lastKnownFileType = sourcecode.swift; path = SignView.swift; sourceTree = "<group>"; };
		8865A9B42772C6E800716AB8 /* SignViewModel.swift */ = {isa = PBXFileReference; lastKnownFileType = sourcecode.swift; path = SignViewModel.swift; sourceTree = "<group>"; };
		88A7901E27715402001DB38D /* Week3.app */ = {isa = PBXFileReference; explicitFileType = wrapper.application; includeInIndex = 0; path = Week3.app; sourceTree = BUILT_PRODUCTS_DIR; };
		88A7902127715402001DB38D /* AppDelegate.swift */ = {isa = PBXFileReference; lastKnownFileType = sourcecode.swift; path = AppDelegate.swift; sourceTree = "<group>"; };
		88A7902327715402001DB38D /* SceneDelegate.swift */ = {isa = PBXFileReference; lastKnownFileType = sourcecode.swift; path = SceneDelegate.swift; sourceTree = "<group>"; };
		88A7902527715402001DB38D /* ViewController.swift */ = {isa = PBXFileReference; lastKnownFileType = sourcecode.swift; path = ViewController.swift; sourceTree = "<group>"; };
		88A7902A27715406001DB38D /* Assets.xcassets */ = {isa = PBXFileReference; lastKnownFileType = folder.assetcatalog; path = Assets.xcassets; sourceTree = "<group>"; };
		88A7902D27715406001DB38D /* Base */ = {isa = PBXFileReference; lastKnownFileType = file.storyboard; name = Base; path = Base.lproj/LaunchScreen.storyboard; sourceTree = "<group>"; };
		88A7902F27715406001DB38D /* Info.plist */ = {isa = PBXFileReference; lastKnownFileType = text.plist.xml; path = Info.plist; sourceTree = "<group>"; };
		88A7903827715BDA001DB38D /* ApiService.swift */ = {isa = PBXFileReference; lastKnownFileType = sourcecode.swift; path = ApiService.swift; sourceTree = "<group>"; };
		88A7903A2771673A001DB38D /* Cast.swift */ = {isa = PBXFileReference; lastKnownFileType = sourcecode.swift; path = Cast.swift; sourceTree = "<group>"; };
		88A7903C27717455001DB38D /* UITableviewCell + extension.swift */ = {isa = PBXFileReference; lastKnownFileType = sourcecode.swift; path = "UITableviewCell + extension.swift"; sourceTree = "<group>"; };
		88A7903E2771763C001DB38D /* DummyViewController.swift */ = {isa = PBXFileReference; lastKnownFileType = sourcecode.swift; path = DummyViewController.swift; sourceTree = "<group>"; };
		88A7904027717726001DB38D /* DummyViewModel.swift */ = {isa = PBXFileReference; lastKnownFileType = sourcecode.swift; path = DummyViewModel.swift; sourceTree = "<group>"; };
		88A79042277178C9001DB38D /* UITableViewCellRepresentable.swift */ = {isa = PBXFileReference; lastKnownFileType = sourcecode.swift; path = UITableViewCellRepresentable.swift; sourceTree = "<group>"; };
/* End PBXFileReference section */

/* Begin PBXFrameworksBuildPhase section */
		88A7901B27715402001DB38D /* Frameworks */ = {
			isa = PBXFrameworksBuildPhase;
			buildActionMask = 2147483647;
			files = (
				88A79037277155D8001DB38D /* SnapKit in Frameworks */,
			);
			runOnlyForDeploymentPostprocessing = 0;
		};
/* End PBXFrameworksBuildPhase section */

/* Begin PBXGroup section */
		8865A9AE2772A76500716AB8 /* Nasa */ = {
			isa = PBXGroup;
			children = (
				8865A9AC2772A75D00716AB8 /* NasaViewController.swift */,
			);
			path = Nasa;
			sourceTree = "<group>";
		};
		8865A9B12772A92900716AB8 /* Sign */ = {
			isa = PBXGroup;
			children = (
				8865A9AF2772A91F00716AB8 /* SignViewController.swift */,
				8865A9B22772A99800716AB8 /* SignView.swift */,
				8865A9B42772C6E800716AB8 /* SignViewModel.swift */,
			);
			path = Sign;
			sourceTree = "<group>";
		};
		88A7901527715402001DB38D = {
			isa = PBXGroup;
			children = (
				88A7902027715402001DB38D /* Week3 */,
				88A7901F27715402001DB38D /* Products */,
			);
			sourceTree = "<group>";
		};
		88A7901F27715402001DB38D /* Products */ = {
			isa = PBXGroup;
			children = (
				88A7901E27715402001DB38D /* Week3.app */,
			);
			name = Products;
			sourceTree = "<group>";
		};
		88A7902027715402001DB38D /* Week3 */ = {
			isa = PBXGroup;
			children = (
				88A7902127715402001DB38D /* AppDelegate.swift */,
				88A7902327715402001DB38D /* SceneDelegate.swift */,
				88A79042277178C9001DB38D /* UITableViewCellRepresentable.swift */,
				88A7903E2771763C001DB38D /* DummyViewController.swift */,
				88A7903A2771673A001DB38D /* Cast.swift */,
				88A7903827715BDA001DB38D /* ApiService.swift */,
				88A7902527715402001DB38D /* ViewController.swift */,
				88A7902A27715406001DB38D /* Assets.xcassets */,
				88A7902C27715406001DB38D /* LaunchScreen.storyboard */,
				88A7902F27715406001DB38D /* Info.plist */,
				88A7903C27717455001DB38D /* UITableviewCell + extension.swift */,
				88A7904027717726001DB38D /* DummyViewModel.swift */,
				8865A9AA2772A59B00716AB8 /* BaseViewContoller.swift */,
				8865A9AE2772A76500716AB8 /* Nasa */,
				8865A9B12772A92900716AB8 /* Sign */,
			);
			path = Week3;
			sourceTree = "<group>";
		};
/* End PBXGroup section */

/* Begin PBXNativeTarget section */
		88A7901D27715402001DB38D /* Week3 */ = {
			isa = PBXNativeTarget;
			buildConfigurationList = 88A7903227715406001DB38D /* Build configuration list for PBXNativeTarget "Week3" */;
			buildPhases = (
				88A7901A27715402001DB38D /* Sources */,
				88A7901B27715402001DB38D /* Frameworks */,
				88A7901C27715402001DB38D /* Resources */,
			);
			buildRules = (
			);
			dependencies = (
			);
			name = Week3;
			packageProductDependencies = (
				88A79036277155D8001DB38D /* SnapKit */,
			);
			productName = Week3;
			productReference = 88A7901E27715402001DB38D /* Week3.app */;
			productType = "com.apple.product-type.application";
		};
/* End PBXNativeTarget section */

/* Begin PBXProject section */
		88A7901627715402001DB38D /* Project object */ = {
			isa = PBXProject;
			attributes = {
				BuildIndependentTargetsInParallel = 1;
				LastSwiftUpdateCheck = 1300;
				LastUpgradeCheck = 1300;
				TargetAttributes = {
					88A7901D27715402001DB38D = {
						CreatedOnToolsVersion = 13.0;
					};
				};
			};
			buildConfigurationList = 88A7901927715402001DB38D /* Build configuration list for PBXProject "Week3" */;
			compatibilityVersion = "Xcode 13.0";
			developmentRegion = en;
			hasScannedForEncodings = 0;
			knownRegions = (
				en,
				Base,
			);
			mainGroup = 88A7901527715402001DB38D;
			packageReferences = (
				88A79035277155D8001DB38D /* XCRemoteSwiftPackageReference "SnapKit" */,
			);
			productRefGroup = 88A7901F27715402001DB38D /* Products */;
			projectDirPath = "";
			projectRoot = "";
			targets = (
				88A7901D27715402001DB38D /* Week3 */,
			);
		};
/* End PBXProject section */

/* Begin PBXResourcesBuildPhase section */
		88A7901C27715402001DB38D /* Resources */ = {
			isa = PBXResourcesBuildPhase;
			buildActionMask = 2147483647;
			files = (
				88A7902E27715406001DB38D /* LaunchScreen.storyboard in Resources */,
				88A7902B27715406001DB38D /* Assets.xcassets in Resources */,
			);
			runOnlyForDeploymentPostprocessing = 0;
		};
/* End PBXResourcesBuildPhase section */

/* Begin PBXSourcesBuildPhase section */
		88A7901A27715402001DB38D /* Sources */ = {
			isa = PBXSourcesBuildPhase;
			buildActionMask = 2147483647;
			files = (
				8865A9AB2772A59B00716AB8 /* BaseViewContoller.swift in Sources */,
				8865A9B52772C6E800716AB8 /* SignViewModel.swift in Sources */,
				88A7904127717726001DB38D /* DummyViewModel.swift in Sources */,
				88A7903F2771763C001DB38D /* DummyViewController.swift in Sources */,
				88A7902627715402001DB38D /* ViewController.swift in Sources */,
				88A7902227715402001DB38D /* AppDelegate.swift in Sources */,
				88A7903B2771673A001DB38D /* Cast.swift in Sources */,
				88A7903927715BDA001DB38D /* ApiService.swift in Sources */,
				8865A9B02772A91F00716AB8 /* SignViewController.swift in Sources */,
				88A7902427715402001DB38D /* SceneDelegate.swift in Sources */,
				8865A9B32772A99800716AB8 /* SignView.swift in Sources */,
				88A7903D27717455001DB38D /* UITableviewCell + extension.swift in Sources */,
				8865A9AD2772A75D00716AB8 /* NasaViewController.swift in Sources */,
				88A79043277178C9001DB38D /* UITableViewCellRepresentable.swift in Sources */,
			);
			runOnlyForDeploymentPostprocessing = 0;
		};
/* End PBXSourcesBuildPhase section */

/* Begin PBXVariantGroup section */
		88A7902C27715406001DB38D /* LaunchScreen.storyboard */ = {
			isa = PBXVariantGroup;
			children = (
				88A7902D27715406001DB38D /* Base */,
			);
			name = LaunchScreen.storyboard;
			sourceTree = "<group>";
		};
/* End PBXVariantGroup section */

/* Begin XCBuildConfiguration section */
		88A7903027715406001DB38D /* Debug */ = {
			isa = XCBuildConfiguration;
			buildSettings = {
				ALWAYS_SEARCH_USER_PATHS = NO;
				CLANG_ANALYZER_NONNULL = YES;
				CLANG_ANALYZER_NUMBER_OBJECT_CONVERSION = YES_AGGRESSIVE;
				CLANG_CXX_LANGUAGE_STANDARD = "gnu++17";
				CLANG_CXX_LIBRARY = "libc++";
				CLANG_ENABLE_MODULES = YES;
				CLANG_ENABLE_OBJC_ARC = YES;
				CLANG_ENABLE_OBJC_WEAK = YES;
				CLANG_WARN_BLOCK_CAPTURE_AUTORELEASING = YES;
				CLANG_WARN_BOOL_CONVERSION = YES;
				CLANG_WARN_COMMA = YES;
				CLANG_WARN_CONSTANT_CONVERSION = YES;
				CLANG_WARN_DEPRECATED_OBJC_IMPLEMENTATIONS = YES;
				CLANG_WARN_DIRECT_OBJC_ISA_USAGE = YES_ERROR;
				CLANG_WARN_DOCUMENTATION_COMMENTS = YES;
				CLANG_WARN_EMPTY_BODY = YES;
				CLANG_WARN_ENUM_CONVERSION = YES;
				CLANG_WARN_INFINITE_RECURSION = YES;
				CLANG_WARN_INT_CONVERSION = YES;
				CLANG_WARN_NON_LITERAL_NULL_CONVERSION = YES;
				CLANG_WARN_OBJC_IMPLICIT_RETAIN_SELF = YES;
				CLANG_WARN_OBJC_LITERAL_CONVERSION = YES;
				CLANG_WARN_OBJC_ROOT_CLASS = YES_ERROR;
				CLANG_WARN_QUOTED_INCLUDE_IN_FRAMEWORK_HEADER = YES;
				CLANG_WARN_RANGE_LOOP_ANALYSIS = YES;
				CLANG_WARN_STRICT_PROTOTYPES = YES;
				CLANG_WARN_SUSPICIOUS_MOVE = YES;
				CLANG_WARN_UNGUARDED_AVAILABILITY = YES_AGGRESSIVE;
				CLANG_WARN_UNREACHABLE_CODE = YES;
				CLANG_WARN__DUPLICATE_METHOD_MATCH = YES;
				COPY_PHASE_STRIP = NO;
				DEBUG_INFORMATION_FORMAT = dwarf;
				ENABLE_STRICT_OBJC_MSGSEND = YES;
				ENABLE_TESTABILITY = YES;
				GCC_C_LANGUAGE_STANDARD = gnu11;
				GCC_DYNAMIC_NO_PIC = NO;
				GCC_NO_COMMON_BLOCKS = YES;
				GCC_OPTIMIZATION_LEVEL = 0;
				GCC_PREPROCESSOR_DEFINITIONS = (
					"DEBUG=1",
					"$(inherited)",
				);
				GCC_WARN_64_TO_32_BIT_CONVERSION = YES;
				GCC_WARN_ABOUT_RETURN_TYPE = YES_ERROR;
				GCC_WARN_UNDECLARED_SELECTOR = YES;
				GCC_WARN_UNINITIALIZED_AUTOS = YES_AGGRESSIVE;
				GCC_WARN_UNUSED_FUNCTION = YES;
				GCC_WARN_UNUSED_VARIABLE = YES;
				IPHONEOS_DEPLOYMENT_TARGET = 15.0;
				MTL_ENABLE_DEBUG_INFO = INCLUDE_SOURCE;
				MTL_FAST_MATH = YES;
				ONLY_ACTIVE_ARCH = YES;
				SDKROOT = iphoneos;
				SWIFT_ACTIVE_COMPILATION_CONDITIONS = DEBUG;
				SWIFT_OPTIMIZATION_LEVEL = "-Onone";
			};
			name = Debug;
		};
		88A7903127715406001DB38D /* Release */ = {
			isa = XCBuildConfiguration;
			buildSettings = {
				ALWAYS_SEARCH_USER_PATHS = NO;
				CLANG_ANALYZER_NONNULL = YES;
				CLANG_ANALYZER_NUMBER_OBJECT_CONVERSION = YES_AGGRESSIVE;
				CLANG_CXX_LANGUAGE_STANDARD = "gnu++17";
				CLANG_CXX_LIBRARY = "libc++";
				CLANG_ENABLE_MODULES = YES;
				CLANG_ENABLE_OBJC_ARC = YES;
				CLANG_ENABLE_OBJC_WEAK = YES;
				CLANG_WARN_BLOCK_CAPTURE_AUTORELEASING = YES;
				CLANG_WARN_BOOL_CONVERSION = YES;
				CLANG_WARN_COMMA = YES;
				CLANG_WARN_CONSTANT_CONVERSION = YES;
				CLANG_WARN_DEPRECATED_OBJC_IMPLEMENTATIONS = YES;
				CLANG_WARN_DIRECT_OBJC_ISA_USAGE = YES_ERROR;
				CLANG_WARN_DOCUMENTATION_COMMENTS = YES;
				CLANG_WARN_EMPTY_BODY = YES;
				CLANG_WARN_ENUM_CONVERSION = YES;
				CLANG_WARN_INFINITE_RECURSION = YES;
				CLANG_WARN_INT_CONVERSION = YES;
				CLANG_WARN_NON_LITERAL_NULL_CONVERSION = YES;
				CLANG_WARN_OBJC_IMPLICIT_RETAIN_SELF = YES;
				CLANG_WARN_OBJC_LITERAL_CONVERSION = YES;
				CLANG_WARN_OBJC_ROOT_CLASS = YES_ERROR;
				CLANG_WARN_QUOTED_INCLUDE_IN_FRAMEWORK_HEADER = YES;
				CLANG_WARN_RANGE_LOOP_ANALYSIS = YES;
				CLANG_WARN_STRICT_PROTOTYPES = YES;
				CLANG_WARN_SUSPICIOUS_MOVE = YES;
				CLANG_WARN_UNGUARDED_AVAILABILITY = YES_AGGRESSIVE;
				CLANG_WARN_UNREACHABLE_CODE = YES;
				CLANG_WARN__DUPLICATE_METHOD_MATCH = YES;
				COPY_PHASE_STRIP = NO;
				DEBUG_INFORMATION_FORMAT = "dwarf-with-dsym";
				ENABLE_NS_ASSERTIONS = NO;
				ENABLE_STRICT_OBJC_MSGSEND = YES;
				GCC_C_LANGUAGE_STANDARD = gnu11;
				GCC_NO_COMMON_BLOCKS = YES;
				GCC_WARN_64_TO_32_BIT_CONVERSION = YES;
				GCC_WARN_ABOUT_RETURN_TYPE = YES_ERROR;
				GCC_WARN_UNDECLARED_SELECTOR = YES;
				GCC_WARN_UNINITIALIZED_AUTOS = YES_AGGRESSIVE;
				GCC_WARN_UNUSED_FUNCTION = YES;
				GCC_WARN_UNUSED_VARIABLE = YES;
				IPHONEOS_DEPLOYMENT_TARGET = 15.0;
				MTL_ENABLE_DEBUG_INFO = NO;
				MTL_FAST_MATH = YES;
				SDKROOT = iphoneos;
				SWIFT_COMPILATION_MODE = wholemodule;
				SWIFT_OPTIMIZATION_LEVEL = "-O";
				VALIDATE_PRODUCT = YES;
			};
			name = Release;
		};
		88A7903327715406001DB38D /* Debug */ = {
			isa = XCBuildConfiguration;
			buildSettings = {
				ASSETCATALOG_COMPILER_APPICON_NAME = AppIcon;
				ASSETCATALOG_COMPILER_GLOBAL_ACCENT_COLOR_NAME = AccentColor;
				CODE_SIGN_STYLE = Automatic;
				CURRENT_PROJECT_VERSION = 1;
				DEVELOPMENT_TEAM = XUDFL5KK5Q;
				GENERATE_INFOPLIST_FILE = YES;
				INFOPLIST_FILE = Week3/Info.plist;
				INFOPLIST_KEY_UIApplicationSupportsIndirectInputEvents = YES;
				INFOPLIST_KEY_UILaunchStoryboardName = LaunchScreen;
				INFOPLIST_KEY_UISupportedInterfaceOrientations_iPad = "UIInterfaceOrientationPortrait UIInterfaceOrientationPortraitUpsideDown UIInterfaceOrientationLandscapeLeft UIInterfaceOrientationLandscapeRight";
				INFOPLIST_KEY_UISupportedInterfaceOrientations_iPhone = "UIInterfaceOrientationPortrait UIInterfaceOrientationLandscapeLeft UIInterfaceOrientationLandscapeRight";
				LD_RUNPATH_SEARCH_PATHS = (
					"$(inherited)",
					"@executable_path/Frameworks",
				);
				MARKETING_VERSION = 1.0;
				PRODUCT_BUNDLE_IDENTIFIER = yle.Week3;
				PRODUCT_NAME = "$(TARGET_NAME)";
				SWIFT_EMIT_LOC_STRINGS = YES;
				SWIFT_VERSION = 5.0;
				TARGETED_DEVICE_FAMILY = "1,2";
			};
			name = Debug;
		};
		88A7903427715406001DB38D /* Release */ = {
			isa = XCBuildConfiguration;
			buildSettings = {
				ASSETCATALOG_COMPILER_APPICON_NAME = AppIcon;
				ASSETCATALOG_COMPILER_GLOBAL_ACCENT_COLOR_NAME = AccentColor;
				CODE_SIGN_STYLE = Automatic;
				CURRENT_PROJECT_VERSION = 1;
				DEVELOPMENT_TEAM = XUDFL5KK5Q;
				GENERATE_INFOPLIST_FILE = YES;
				INFOPLIST_FILE = Week3/Info.plist;
				INFOPLIST_KEY_UIApplicationSupportsIndirectInputEvents = YES;
				INFOPLIST_KEY_UILaunchStoryboardName = LaunchScreen;
				INFOPLIST_KEY_UISupportedInterfaceOrientations_iPad = "UIInterfaceOrientationPortrait UIInterfaceOrientationPortraitUpsideDown UIInterfaceOrientationLandscapeLeft UIInterfaceOrientationLandscapeRight";
				INFOPLIST_KEY_UISupportedInterfaceOrientations_iPhone = "UIInterfaceOrientationPortrait UIInterfaceOrientationLandscapeLeft UIInterfaceOrientationLandscapeRight";
				LD_RUNPATH_SEARCH_PATHS = (
					"$(inherited)",
					"@executable_path/Frameworks",
				);
				MARKETING_VERSION = 1.0;
				PRODUCT_BUNDLE_IDENTIFIER = yle.Week3;
				PRODUCT_NAME = "$(TARGET_NAME)";
				SWIFT_EMIT_LOC_STRINGS = YES;
				SWIFT_VERSION = 5.0;
				TARGETED_DEVICE_FAMILY = "1,2";
			};
			name = Release;
		};
/* End XCBuildConfiguration section */

/* Begin XCConfigurationList section */
		88A7901927715402001DB38D /* Build configuration list for PBXProject "Week3" */ = {
			isa = XCConfigurationList;
			buildConfigurations = (
				88A7903027715406001DB38D /* Debug */,
				88A7903127715406001DB38D /* Release */,
			);
			defaultConfigurationIsVisible = 0;
			defaultConfigurationName = Release;
		};
		88A7903227715406001DB38D /* Build configuration list for PBXNativeTarget "Week3" */ = {
			isa = XCConfigurationList;
			buildConfigurations = (
				88A7903327715406001DB38D /* Debug */,
				88A7903427715406001DB38D /* Release */,
			);
			defaultConfigurationIsVisible = 0;
			defaultConfigurationName = Release;
		};
/* End XCConfigurationList section */

/* Begin XCRemoteSwiftPackageReference section */
		88A79035277155D8001DB38D /* XCRemoteSwiftPackageReference "SnapKit" */ = {
			isa = XCRemoteSwiftPackageReference;
			repositoryURL = "https://github.com/SnapKit/SnapKit.git";
			requirement = {
				branch = develop;
				kind = branch;
			};
		};
/* End XCRemoteSwiftPackageReference section */

/* Begin XCSwiftPackageProductDependency section */
		88A79036277155D8001DB38D /* SnapKit */ = {
			isa = XCSwiftPackageProductDependency;
			package = 88A79035277155D8001DB38D /* XCRemoteSwiftPackageReference "SnapKit" */;
			productName = SnapKit;
		};
/* End XCSwiftPackageProductDependency section */
	};
	rootObject = 88A7901627715402001DB38D /* Project object */;
}
