// !$*UTF8*$!
{
	archiveVersion = 1;
	classes = {
	};
	objectVersion = 55;
	objects = {

/* Begin PBXBuildFile section */
		88941F2F2773FB54007AFE69 /* SeSSACFramework.docc in Sources */ = {isa = PBXBuildFile; fileRef = 88941F2E2773FB54007AFE69 /* SeSSACFramework.docc */; };
		88941F352773FB54007AFE69 /* SeSSACFramework.framework in Frameworks */ = {isa = PBXBuildFile; fileRef = 88941F2A2773FB54007AFE69 /* SeSSACFramework.framework */; };
		88941F3A2773FB54007AFE69 /* SeSSACFrameworkTests.swift in Sources */ = {isa = PBXBuildFile; fileRef = 88941F392773FB54007AFE69 /* SeSSACFrameworkTests.swift */; };
		88941F3B2773FB54007AFE69 /* SeSSACFramework.h in Headers */ = {isa = PBXBuildFile; fileRef = 88941F2D2773FB54007AFE69 /* SeSSACFramework.h */; settings = {ATTRIBUTES = (Public, ); }; };
		88941F452773FB9F007AFE69 /* SeSac.swift in Sources */ = {isa = PBXBuildFile; fileRef = 88941F442773FB9F007AFE69 /* SeSac.swift */; };
/* End PBXBuildFile section */

/* Begin PBXContainerItemProxy section */
		88941F362773FB54007AFE69 /* PBXContainerItemProxy */ = {
			isa = PBXContainerItemProxy;
			containerPortal = 88941F212773FB54007AFE69 /* Project object */;
			proxyType = 1;
			remoteGlobalIDString = 88941F292773FB54007AFE69;
			remoteInfo = SeSSACFramework;
		};
/* End PBXContainerItemProxy section */

/* Begin PBXFileReference section */
		88941F2A2773FB54007AFE69 /* SeSSACFramework.framework */ = {isa = PBXFileReference; explicitFileType = wrapper.framework; includeInIndex = 0; path = SeSSACFramework.framework; sourceTree = BUILT_PRODUCTS_DIR; };
		88941F2D2773FB54007AFE69 /* SeSSACFramework.h */ = {isa = PBXFileReference; lastKnownFileType = sourcecode.c.h; path = SeSSACFramework.h; sourceTree = "<group>"; };
		88941F2E2773FB54007AFE69 /* SeSSACFramework.docc */ = {isa = PBXFileReference; lastKnownFileType = folder.documentationcatalog; path = SeSSACFramework.docc; sourceTree = "<group>"; };
		88941F342773FB54007AFE69 /* SeSSACFrameworkTests.xctest */ = {isa = PBXFileReference; explicitFileType = wrapper.cfbundle; includeInIndex = 0; path = SeSSACFrameworkTests.xctest; sourceTree = BUILT_PRODUCTS_DIR; };
		88941F392773FB54007AFE69 /* SeSSACFrameworkTests.swift */ = {isa = PBXFileReference; lastKnownFileType = sourcecode.swift; path = SeSSACFrameworkTests.swift; sourceTree = "<group>"; };
		88941F442773FB9F007AFE69 /* SeSac.swift */ = {isa = PBXFileReference; lastKnownFileType = sourcecode.swift; path = SeSac.swift; sourceTree = "<group>"; };
/* End PBXFileReference section */

/* Begin PBXFrameworksBuildPhase section */
		88941F272773FB54007AFE69 /* Frameworks */ = {
			isa = PBXFrameworksBuildPhase;
			buildActionMask = 2147483647;
			files = (
			);
			runOnlyForDeploymentPostprocessing = 0;
		};
		88941F312773FB54007AFE69 /* Frameworks */ = {
			isa = PBXFrameworksBuildPhase;
			buildActionMask = 2147483647;
			files = (
				88941F352773FB54007AFE69 /* SeSSACFramework.framework in Frameworks */,
			);
			runOnlyForDeploymentPostprocessing = 0;
		};
/* End PBXFrameworksBuildPhase section */

/* Begin PBXGroup section */
		88941F202773FB54007AFE69 = {
			isa = PBXGroup;
			children = (
				88941F2C2773FB54007AFE69 /* SeSSACFramework */,
				88941F382773FB54007AFE69 /* SeSSACFrameworkTests */,
				88941F2B2773FB54007AFE69 /* Products */,
			);
			sourceTree = "<group>";
		};
		88941F2B2773FB54007AFE69 /* Products */ = {
			isa = PBXGroup;
			children = (
				88941F2A2773FB54007AFE69 /* SeSSACFramework.framework */,
				88941F342773FB54007AFE69 /* SeSSACFrameworkTests.xctest */,
			);
			name = Products;
			sourceTree = "<group>";
		};
		88941F2C2773FB54007AFE69 /* SeSSACFramework */ = {
			isa = PBXGroup;
			children = (
				88941F2D2773FB54007AFE69 /* SeSSACFramework.h */,
				88941F2E2773FB54007AFE69 /* SeSSACFramework.docc */,
				88941F442773FB9F007AFE69 /* SeSac.swift */,
			);
			path = SeSSACFramework;
			sourceTree = "<group>";
		};
		88941F382773FB54007AFE69 /* SeSSACFrameworkTests */ = {
			isa = PBXGroup;
			children = (
				88941F392773FB54007AFE69 /* SeSSACFrameworkTests.swift */,
			);
			path = SeSSACFrameworkTests;
			sourceTree = "<group>";
		};
/* End PBXGroup section */

/* Begin PBXHeadersBuildPhase section */
		88941F252773FB54007AFE69 /* Headers */ = {
			isa = PBXHeadersBuildPhase;
			buildActionMask = 2147483647;
			files = (
				88941F3B2773FB54007AFE69 /* SeSSACFramework.h in Headers */,
			);
			runOnlyForDeploymentPostprocessing = 0;
		};
/* End PBXHeadersBuildPhase section */

/* Begin PBXNativeTarget section */
		88941F292773FB54007AFE69 /* SeSSACFramework */ = {
			isa = PBXNativeTarget;
			buildConfigurationList = 88941F3E2773FB54007AFE69 /* Build configuration list for PBXNativeTarget "SeSSACFramework" */;
			buildPhases = (
				88941F252773FB54007AFE69 /* Headers */,
				88941F262773FB54007AFE69 /* Sources */,
				88941F272773FB54007AFE69 /* Frameworks */,
				88941F282773FB54007AFE69 /* Resources */,
			);
			buildRules = (
			);
			dependencies = (
			);
			name = SeSSACFramework;
			productName = SeSSACFramework;
			productReference = 88941F2A2773FB54007AFE69 /* SeSSACFramework.framework */;
			productType = "com.apple.product-type.framework";
		};
		88941F332773FB54007AFE69 /* SeSSACFrameworkTests */ = {
			isa = PBXNativeTarget;
			buildConfigurationList = 88941F412773FB54007AFE69 /* Build configuration list for PBXNativeTarget "SeSSACFrameworkTests" */;
			buildPhases = (
				88941F302773FB54007AFE69 /* Sources */,
				88941F312773FB54007AFE69 /* Frameworks */,
				88941F322773FB54007AFE69 /* Resources */,
			);
			buildRules = (
			);
			dependencies = (
				88941F372773FB54007AFE69 /* PBXTargetDependency */,
			);
			name = SeSSACFrameworkTests;
			productName = SeSSACFrameworkTests;
			productReference = 88941F342773FB54007AFE69 /* SeSSACFrameworkTests.xctest */;
			productType = "com.apple.product-type.bundle.unit-test";
		};
/* End PBXNativeTarget section */

/* Begin PBXProject section */
		88941F212773FB54007AFE69 /* Project object */ = {
			isa = PBXProject;
			attributes = {
				BuildIndependentTargetsInParallel = 1;
				LastSwiftUpdateCheck = 1300;
				LastUpgradeCheck = 1300;
				TargetAttributes = {
					88941F292773FB54007AFE69 = {
						CreatedOnToolsVersion = 13.0;
					};
					88941F332773FB54007AFE69 = {
						CreatedOnToolsVersion = 13.0;
					};
				};
			};
			buildConfigurationList = 88941F242773FB54007AFE69 /* Build configuration list for PBXProject "SeSSACFramework" */;
			compatibilityVersion = "Xcode 13.0";
			developmentRegion = en;
			hasScannedForEncodings = 0;
			knownRegions = (
				en,
				Base,
			);
			mainGroup = 88941F202773FB54007AFE69;
			productRefGroup = 88941F2B2773FB54007AFE69 /* Products */;
			projectDirPath = "";
			projectRoot = "";
			targets = (
				88941F292773FB54007AFE69 /* SeSSACFramework */,
				88941F332773FB54007AFE69 /* SeSSACFrameworkTests */,
			);
		};
/* End PBXProject section */

/* Begin PBXResourcesBuildPhase section */
		88941F282773FB54007AFE69 /* Resources */ = {
			isa = PBXResourcesBuildPhase;
			buildActionMask = 2147483647;
			files = (
			);
			runOnlyForDeploymentPostprocessing = 0;
		};
		88941F322773FB54007AFE69 /* Resources */ = {
			isa = PBXResourcesBuildPhase;
			buildActionMask = 2147483647;
			files = (
			);
			runOnlyForDeploymentPostprocessing = 0;
		};
/* End PBXResourcesBuildPhase section */

/* Begin PBXSourcesBuildPhase section */
		88941F262773FB54007AFE69 /* Sources */ = {
			isa = PBXSourcesBuildPhase;
			buildActionMask = 2147483647;
			files = (
				88941F2F2773FB54007AFE69 /* SeSSACFramework.docc in Sources */,
				88941F452773FB9F007AFE69 /* SeSac.swift in Sources */,
			);
			runOnlyForDeploymentPostprocessing = 0;
		};
		88941F302773FB54007AFE69 /* Sources */ = {
			isa = PBXSourcesBuildPhase;
			buildActionMask = 2147483647;
			files = (
				88941F3A2773FB54007AFE69 /* SeSSACFrameworkTests.swift in Sources */,
			);
			runOnlyForDeploymentPostprocessing = 0;
		};
/* End PBXSourcesBuildPhase section */

/* Begin PBXTargetDependency section */
		88941F372773FB54007AFE69 /* PBXTargetDependency */ = {
			isa = PBXTargetDependency;
			target = 88941F292773FB54007AFE69 /* SeSSACFramework */;
			targetProxy = 88941F362773FB54007AFE69 /* PBXContainerItemProxy */;
		};
/* End PBXTargetDependency section */

/* Begin XCBuildConfiguration section */
		88941F3C2773FB54007AFE69 /* Debug */ = {
			isa = XCBuildConfiguration;
			buildSettings = {
				ALWAYS_SEARCH_USER_PATHS = NO;
				CLANG_ANALYZER_NONNULL = YES;
				CLANG_ANALYZER_NUMBER_OBJECT_CONVERSION = YES_AGGRESSIVE;
				CLANG_CXX_LANGUAGE_STANDARD = "gnu++17";
				CLANG_CXX_LIBRARY = "libc++";
				CLANG_ENABLE_MODULES = YES;
				CLANG_ENABLE_OBJC_ARC = YES;
				CLANG_ENABLE_OBJC_WEAK = YES;
				CLANG_WARN_BLOCK_CAPTURE_AUTORELEASING = YES;
				CLANG_WARN_BOOL_CONVERSION = YES;
				CLANG_WARN_COMMA = YES;
				CLANG_WARN_CONSTANT_CONVERSION = YES;
				CLANG_WARN_DEPRECATED_OBJC_IMPLEMENTATIONS = YES;
				CLANG_WARN_DIRECT_OBJC_ISA_USAGE = YES_ERROR;
				CLANG_WARN_DOCUMENTATION_COMMENTS = YES;
				CLANG_WARN_EMPTY_BODY = YES;
				CLANG_WARN_ENUM_CONVERSION = YES;
				CLANG_WARN_INFINITE_RECURSION = YES;
				CLANG_WARN_INT_CONVERSION = YES;
				CLANG_WARN_NON_LITERAL_NULL_CONVERSION = YES;
				CLANG_WARN_OBJC_IMPLICIT_RETAIN_SELF = YES;
				CLANG_WARN_OBJC_LITERAL_CONVERSION = YES;
				CLANG_WARN_OBJC_ROOT_CLASS = YES_ERROR;
				CLANG_WARN_QUOTED_INCLUDE_IN_FRAMEWORK_HEADER = YES;
				CLANG_WARN_RANGE_LOOP_ANALYSIS = YES;
				CLANG_WARN_STRICT_PROTOTYPES = YES;
				CLANG_WARN_SUSPICIOUS_MOVE = YES;
				CLANG_WARN_UNGUARDED_AVAILABILITY = YES_AGGRESSIVE;
				CLANG_WARN_UNREACHABLE_CODE = YES;
				CLANG_WARN__DUPLICATE_METHOD_MATCH = YES;
				COPY_PHASE_STRIP = NO;
				CURRENT_PROJECT_VERSION = 1;
				DEBUG_INFORMATION_FORMAT = dwarf;
				ENABLE_STRICT_OBJC_MSGSEND = YES;
				ENABLE_TESTABILITY = YES;
				GCC_C_LANGUAGE_STANDARD = gnu11;
				GCC_DYNAMIC_NO_PIC = NO;
				GCC_NO_COMMON_BLOCKS = YES;
				GCC_OPTIMIZATION_LEVEL = 0;
				GCC_PREPROCESSOR_DEFINITIONS = (
					"DEBUG=1",
					"$(inherited)",
				);
				GCC_WARN_64_TO_32_BIT_CONVERSION = YES;
				GCC_WARN_ABOUT_RETURN_TYPE = YES_ERROR;
				GCC_WARN_UNDECLARED_SELECTOR = YES;
				GCC_WARN_UNINITIALIZED_AUTOS = YES_AGGRESSIVE;
				GCC_WARN_UNUSED_FUNCTION = YES;
				GCC_WARN_UNUSED_VARIABLE = YES;
				IPHONEOS_DEPLOYMENT_TARGET = 15.0;
				MTL_ENABLE_DEBUG_INFO = INCLUDE_SOURCE;
				MTL_FAST_MATH = YES;
				ONLY_ACTIVE_ARCH = YES;
				SDKROOT = iphoneos;
				SWIFT_ACTIVE_COMPILATION_CONDITIONS = DEBUG;
				SWIFT_OPTIMIZATION_LEVEL = "-Onone";
				VERSIONING_SYSTEM = "apple-generic";
				VERSION_INFO_PREFIX = "";
			};
			name = Debug;
		};
		88941F3D2773FB54007AFE69 /* Release */ = {
			isa = XCBuildConfiguration;
			buildSettings = {
				ALWAYS_SEARCH_USER_PATHS = NO;
				CLANG_ANALYZER_NONNULL = YES;
				CLANG_ANALYZER_NUMBER_OBJECT_CONVERSION = YES_AGGRESSIVE;
				CLANG_CXX_LANGUAGE_STANDARD = "gnu++17";
				CLANG_CXX_LIBRARY = "libc++";
				CLANG_ENABLE_MODULES = YES;
				CLANG_ENABLE_OBJC_ARC = YES;
				CLANG_ENABLE_OBJC_WEAK = YES;
				CLANG_WARN_BLOCK_CAPTURE_AUTORELEASING = YES;
				CLANG_WARN_BOOL_CONVERSION = YES;
				CLANG_WARN_COMMA = YES;
				CLANG_WARN_CONSTANT_CONVERSION = YES;
				CLANG_WARN_DEPRECATED_OBJC_IMPLEMENTATIONS = YES;
				CLANG_WARN_DIRECT_OBJC_ISA_USAGE = YES_ERROR;
				CLANG_WARN_DOCUMENTATION_COMMENTS = YES;
				CLANG_WARN_EMPTY_BODY = YES;
				CLANG_WARN_ENUM_CONVERSION = YES;
				CLANG_WARN_INFINITE_RECURSION = YES;
				CLANG_WARN_INT_CONVERSION = YES;
				CLANG_WARN_NON_LITERAL_NULL_CONVERSION = YES;
				CLANG_WARN_OBJC_IMPLICIT_RETAIN_SELF = YES;
				CLANG_WARN_OBJC_LITERAL_CONVERSION = YES;
				CLANG_WARN_OBJC_ROOT_CLASS = YES_ERROR;
				CLANG_WARN_QUOTED_INCLUDE_IN_FRAMEWORK_HEADER = YES;
				CLANG_WARN_RANGE_LOOP_ANALYSIS = YES;
				CLANG_WARN_STRICT_PROTOTYPES = YES;
				CLANG_WARN_SUSPICIOUS_MOVE = YES;
				CLANG_WARN_UNGUARDED_AVAILABILITY = YES_AGGRESSIVE;
				CLANG_WARN_UNREACHABLE_CODE = YES;
				CLANG_WARN__DUPLICATE_METHOD_MATCH = YES;
				COPY_PHASE_STRIP = NO;
				CURRENT_PROJECT_VERSION = 1;
				DEBUG_INFORMATION_FORMAT = "dwarf-with-dsym";
				ENABLE_NS_ASSERTIONS = NO;
				ENABLE_STRICT_OBJC_MSGSEND = YES;
				GCC_C_LANGUAGE_STANDARD = gnu11;
				GCC_NO_COMMON_BLOCKS = YES;
				GCC_WARN_64_TO_32_BIT_CONVERSION = YES;
				GCC_WARN_ABOUT_RETURN_TYPE = YES_ERROR;
				GCC_WARN_UNDECLARED_SELECTOR = YES;
				GCC_WARN_UNINITIALIZED_AUTOS = YES_AGGRESSIVE;
				GCC_WARN_UNUSED_FUNCTION = YES;
				GCC_WARN_UNUSED_VARIABLE = YES;
				IPHONEOS_DEPLOYMENT_TARGET = 15.0;
				MTL_ENABLE_DEBUG_INFO = NO;
				MTL_FAST_MATH = YES;
				SDKROOT = iphoneos;
				SWIFT_COMPILATION_MODE = wholemodule;
				SWIFT_OPTIMIZATION_LEVEL = "-O";
				VALIDATE_PRODUCT = YES;
				VERSIONING_SYSTEM = "apple-generic";
				VERSION_INFO_PREFIX = "";
			};
			name = Release;
		};
		88941F3F2773FB54007AFE69 /* Debug */ = {
			isa = XCBuildConfiguration;
			buildSettings = {
				CODE_SIGN_STYLE = Automatic;
				CURRENT_PROJECT_VERSION = 1;
				DEFINES_MODULE = YES;
				DEVELOPMENT_TEAM = XUDFL5KK5Q;
				DYLIB_COMPATIBILITY_VERSION = 1;
				DYLIB_CURRENT_VERSION = 1;
				DYLIB_INSTALL_NAME_BASE = "@rpath";
				GENERATE_INFOPLIST_FILE = YES;
				INFOPLIST_KEY_NSHumanReadableCopyright = "";
				INSTALL_PATH = "$(LOCAL_LIBRARY_DIR)/Frameworks";
				LD_RUNPATH_SEARCH_PATHS = (
					"$(inherited)",
					"@executable_path/Frameworks",
					"@loader_path/Frameworks",
				);
				MARKETING_VERSION = 1.0;
				PRODUCT_BUNDLE_IDENTIFIER = yle.SeSSACFramework;
				PRODUCT_NAME = "$(TARGET_NAME:c99extidentifier)";
				SKIP_INSTALL = YES;
				SWIFT_EMIT_LOC_STRINGS = YES;
				SWIFT_VERSION = 5.0;
				TARGETED_DEVICE_FAMILY = "1,2";
			};
			name = Debug;
		};
		88941F402773FB54007AFE69 /* Release */ = {
			isa = XCBuildConfiguration;
			buildSettings = {
				CODE_SIGN_STYLE = Automatic;
				CURRENT_PROJECT_VERSION = 1;
				DEFINES_MODULE = YES;
				DEVELOPMENT_TEAM = XUDFL5KK5Q;
				DYLIB_COMPATIBILITY_VERSION = 1;
				DYLIB_CURRENT_VERSION = 1;
				DYLIB_INSTALL_NAME_BASE = "@rpath";
				GENERATE_INFOPLIST_FILE = YES;
				INFOPLIST_KEY_NSHumanReadableCopyright = "";
				INSTALL_PATH = "$(LOCAL_LIBRARY_DIR)/Frameworks";
				LD_RUNPATH_SEARCH_PATHS = (
					"$(inherited)",
					"@executable_path/Frameworks",
					"@loader_path/Frameworks",
				);
				MARKETING_VERSION = 1.0;
				PRODUCT_BUNDLE_IDENTIFIER = yle.SeSSACFramework;
				PRODUCT_NAME = "$(TARGET_NAME:c99extidentifier)";
				SKIP_INSTALL = YES;
				SWIFT_EMIT_LOC_STRINGS = YES;
				SWIFT_VERSION = 5.0;
				TARGETED_DEVICE_FAMILY = "1,2";
			};
			name = Release;
		};
		88941F422773FB54007AFE69 /* Debug */ = {
			isa = XCBuildConfiguration;
			buildSettings = {
				ALWAYS_EMBED_SWIFT_STANDARD_LIBRARIES = YES;
				CODE_SIGN_STYLE = Automatic;
				CURRENT_PROJECT_VERSION = 1;
				DEVELOPMENT_TEAM = XUDFL5KK5Q;
				GENERATE_INFOPLIST_FILE = YES;
				LD_RUNPATH_SEARCH_PATHS = (
					"$(inherited)",
					"@executable_path/Frameworks",
					"@loader_path/Frameworks",
				);
				MARKETING_VERSION = 1.0;
				PRODUCT_BUNDLE_IDENTIFIER = yle.SeSSACFrameworkTests;
				PRODUCT_NAME = "$(TARGET_NAME)";
				SWIFT_EMIT_LOC_STRINGS = NO;
				SWIFT_VERSION = 5.0;
				TARGETED_DEVICE_FAMILY = "1,2";
			};
			name = Debug;
		};
		88941F432773FB54007AFE69 /* Release */ = {
			isa = XCBuildConfiguration;
			buildSettings = {
				ALWAYS_EMBED_SWIFT_STANDARD_LIBRARIES = YES;
				CODE_SIGN_STYLE = Automatic;
				CURRENT_PROJECT_VERSION = 1;
				DEVELOPMENT_TEAM = XUDFL5KK5Q;
				GENERATE_INFOPLIST_FILE = YES;
				LD_RUNPATH_SEARCH_PATHS = (
					"$(inherited)",
					"@executable_path/Frameworks",
					"@loader_path/Frameworks",
				);
				MARKETING_VERSION = 1.0;
				PRODUCT_BUNDLE_IDENTIFIER = yle.SeSSACFrameworkTests;
				PRODUCT_NAME = "$(TARGET_NAME)";
				SWIFT_EMIT_LOC_STRINGS = NO;
				SWIFT_VERSION = 5.0;
				TARGETED_DEVICE_FAMILY = "1,2";
			};
			name = Release;
		};
/* End XCBuildConfiguration section */

/* Begin XCConfigurationList section */
		88941F242773FB54007AFE69 /* Build configuration list for PBXProject "SeSSACFramework" */ = {
			isa = XCConfigurationList;
			buildConfigurations = (
				88941F3C2773FB54007AFE69 /* Debug */,
				88941F3D2773FB54007AFE69 /* Release */,
			);
			defaultConfigurationIsVisible = 0;
			defaultConfigurationName = Release;
		};
		88941F3E2773FB54007AFE69 /* Build configuration list for PBXNativeTarget "SeSSACFramework" */ = {
			isa = XCConfigurationList;
			buildConfigurations = (
				88941F3F2773FB54007AFE69 /* Debug */,
				88941F402773FB54007AFE69 /* Release */,
			);
			defaultConfigurationIsVisible = 0;
			defaultConfigurationName = Release;
		};
		88941F412773FB54007AFE69 /* Build configuration list for PBXNativeTarget "SeSSACFrameworkTests" */ = {
			isa = XCConfigurationList;
			buildConfigurations = (
				88941F422773FB54007AFE69 /* Debug */,
				88941F432773FB54007AFE69 /* Release */,
			);
			defaultConfigurationIsVisible = 0;
			defaultConfigurationName = Release;
		};
/* End XCConfigurationList section */
	};
	rootObject = 88941F212773FB54007AFE69 /* Project object */;
}
